Microsoft Visual Studio Solution File, Format Version 12.00
# Visual Studio Version 17
VisualStudioVersion = 17.5.2.0
MinimumVisualStudioVersion = 10.0.40219.1
Project("{FAE04EC0-301F-11D3-BF4B-00C04F79EFBC}") = "Dogs", "Dogs.csproj", "{B919D46E-A7DC-E661-D5C5-E4E4BE1683E6}"
EndProject
Global
	GlobalSection(SolutionConfigurationPlatforms) = preSolution
		Debug|Any CPU = Debug|Any CPU
		Release|Any CPU = Release|Any CPU
	EndGlobalSection
	GlobalSection(ProjectConfigurationPlatforms) = postSolution
		{B919D46E-A7DC-E661-D5C5-E4E4BE1683E6}.Debug|Any CPU.ActiveCfg = Debug|Any CPU
		{B919D46E-A7DC-E661-D5C5-E4E4BE1683E6}.Debug|Any CPU.Build.0 = Debug|Any CPU
		{B919D46E-A7DC-E661-D5C5-E4E4BE1683E6}.Release|Any CPU.ActiveCfg = Release|Any CPU
		{B919D46E-A7DC-E661-D5C5-E4E4BE1683E6}.Release|Any CPU.Build.0 = Release|Any CPU
	EndGlobalSection
	GlobalSection(SolutionProperties) = preSolution
		HideSolutionNode = FALSE
	EndGlobalSection
	GlobalSection(ExtensibilityGlobals) = postSolution
		SolutionGuid = {83D784FB-517F-47BF-8263-C62C13DCEF32}
	EndGlobalSection
EndGlobal
